
Microsoft Visual Studio Solution File, Format Version 12.00
# Visual Studio Version 17
VisualStudioVersion = 17.10.35122.118
MinimumVisualStudioVersion = 10.0.40219.1
Project("{FAE04EC0-301F-11D3-BF4B-00C04F79EFBC}") = "HW27.Chat", "HW27.Chat\HW27.Chat.csproj", "{5BBA0407-0E3C-44D0-B619-88F6490561ED}"
EndProject
Project("{FAE04EC0-301F-11D3-BF4B-00C04F79EFBC}") = "HW27.Receiver", "HW27.Receiver\HW27.Receiver.csproj", "{F8086133-2AA2-468D-8C34-226FCD3E6672}"
EndProject
Global
	GlobalSection(SolutionConfigurationPlatforms) = preSolution
		Debug|Any CPU = Debug|Any CPU
		Release|Any CPU = Release|Any CPU
	EndGlobalSection
	GlobalSection(ProjectConfigurationPlatforms) = postSolution
		{5BBA0407-0E3C-44D0-B619-88F6490561ED}.Debug|Any CPU.ActiveCfg = Debug|Any CPU
		{5BBA0407-0E3C-44D0-B619-88F6490561ED}.Debug|Any CPU.Build.0 = Debug|Any CPU
		{5BBA0407-0E3C-44D0-B619-88F6490561ED}.Release|Any CPU.ActiveCfg = Release|Any CPU
		{5BBA0407-0E3C-44D0-B619-88F6490561ED}.Release|Any CPU.Build.0 = Release|Any CPU
		{F8086133-2AA2-468D-8C34-226FCD3E6672}.Debug|Any CPU.ActiveCfg = Debug|Any CPU
		{F8086133-2AA2-468D-8C34-226FCD3E6672}.Debug|Any CPU.Build.0 = Debug|Any CPU
		{F8086133-2AA2-468D-8C34-226FCD3E6672}.Release|Any CPU.ActiveCfg = Release|Any CPU
		{F8086133-2AA2-468D-8C34-226FCD3E6672}.Release|Any CPU.Build.0 = Release|Any CPU
	EndGlobalSection
	GlobalSection(SolutionProperties) = preSolution
		HideSolutionNode = FALSE
	EndGlobalSection
	GlobalSection(ExtensibilityGlobals) = postSolution
		SolutionGuid = {A17FEACC-0E1E-4B6D-B645-A38143196C7D}
	EndGlobalSection
EndGlobal
